
Microsoft Visual Studio Solution File, Format Version 12.00
# Visual Studio Version 17
VisualStudioVersion = 17.4.33122.133
MinimumVisualStudioVersion = 10.0.40219.1
Project("{FAE04EC0-301F-11D3-BF4B-00C04F79EFBC}") = "Mars_Application_UserStory2_TestAutomation", "Mars_Application_UserStory2_TestAutomation\Mars_Application_UserStory2_TestAutomation.csproj", "{3E6EB37E-0836-459E-AB6A-371B9BAB053C}"
EndProject
Global
	GlobalSection(SolutionConfigurationPlatforms) = preSolution
		Debug|Any CPU = Debug|Any CPU
		Release|Any CPU = Release|Any CPU
	EndGlobalSection
	GlobalSection(ProjectConfigurationPlatforms) = postSolution
		{3E6EB37E-0836-459E-AB6A-371B9BAB053C}.Debug|Any CPU.ActiveCfg = Debug|Any CPU
		{3E6EB37E-0836-459E-AB6A-371B9BAB053C}.Debug|Any CPU.Build.0 = Debug|Any CPU
		{3E6EB37E-0836-459E-AB6A-371B9BAB053C}.Release|Any CPU.ActiveCfg = Release|Any CPU
		{3E6EB37E-0836-459E-AB6A-371B9BAB053C}.Release|Any CPU.Build.0 = Release|Any CPU
	EndGlobalSection
	GlobalSection(SolutionProperties) = preSolution
		HideSolutionNode = FALSE
	EndGlobalSection
	GlobalSection(ExtensibilityGlobals) = postSolution
		SolutionGuid = {A3E8086A-2029-40C7-B28F-97AD35541985}
	EndGlobalSection
EndGlobal
